
Microsoft Visual Studio Solution File, Format Version 12.00
# Visual Studio 15
VisualStudioVersion = 15.0.27428.2005
MinimumVisualStudioVersion = 10.0.40219.1
Project("{8BC9CEB8-8B4A-11D0-8D11-00A0C91BC942}") = "Postfix Evaluation", "Postfix Evaluation\Postfix Evaluation.vcxproj", "{DC926E2D-8C3A-4F2D-9105-C3A64B6BC292}"
EndProject
Global
	GlobalSection(SolutionConfigurationPlatforms) = preSolution
		Debug|x64 = Debug|x64
		Debug|x86 = Debug|x86
		Release|x64 = Release|x64
		Release|x86 = Release|x86
	EndGlobalSection
	GlobalSection(ProjectConfigurationPlatforms) = postSolution
		{DC926E2D-8C3A-4F2D-9105-C3A64B6BC292}.Debug|x64.ActiveCfg = Debug|x64
		{DC926E2D-8C3A-4F2D-9105-C3A64B6BC292}.Debug|x64.Build.0 = Debug|x64
		{DC926E2D-8C3A-4F2D-9105-C3A64B6BC292}.Debug|x86.ActiveCfg = Debug|Win32
		{DC926E2D-8C3A-4F2D-9105-C3A64B6BC292}.Debug|x86.Build.0 = Debug|Win32
		{DC926E2D-8C3A-4F2D-9105-C3A64B6BC292}.Release|x64.ActiveCfg = Release|x64
		{DC926E2D-8C3A-4F2D-9105-C3A64B6BC292}.Release|x64.Build.0 = Release|x64
		{DC926E2D-8C3A-4F2D-9105-C3A64B6BC292}.Release|x86.ActiveCfg = Release|Win32
		{DC926E2D-8C3A-4F2D-9105-C3A64B6BC292}.Release|x86.Build.0 = Release|Win32
	EndGlobalSection
	GlobalSection(SolutionProperties) = preSolution
		HideSolutionNode = FALSE
	EndGlobalSection
	GlobalSection(ExtensibilityGlobals) = postSolution
		SolutionGuid = {7C2322D6-845B-456F-90B1-52846C0F7D10}
	EndGlobalSection
EndGlobal
